
Microsoft Visual Studio Solution File, Format Version 12.00
# Visual Studio Version 17
VisualStudioVersion = 17.11.35312.102
MinimumVisualStudioVersion = 10.0.40219.1
Project("{FAE04EC0-301F-11D3-BF4B-00C04F79EFBC}") = "MyChatAppWithKernel", "MyChatAppWithKernel.csproj", "{CD4227B4-3BDC-4598-910A-C88B3A6BAB36}"
EndProject
Global
	GlobalSection(SolutionConfigurationPlatforms) = preSolution
		Debug|Any CPU = Debug|Any CPU
		Release|Any CPU = Release|Any CPU
	EndGlobalSection
	GlobalSection(ProjectConfigurationPlatforms) = postSolution
		{CD4227B4-3BDC-4598-910A-C88B3A6BAB36}.Debug|Any CPU.ActiveCfg = Debug|Any CPU
		{CD4227B4-3BDC-4598-910A-C88B3A6BAB36}.Debug|Any CPU.Build.0 = Debug|Any CPU
		{CD4227B4-3BDC-4598-910A-C88B3A6BAB36}.Release|Any CPU.ActiveCfg = Release|Any CPU
		{CD4227B4-3BDC-4598-910A-C88B3A6BAB36}.Release|Any CPU.Build.0 = Release|Any CPU
	EndGlobalSection
	GlobalSection(SolutionProperties) = preSolution
		HideSolutionNode = FALSE
	EndGlobalSection
	GlobalSection(ExtensibilityGlobals) = postSolution
		SolutionGuid = {D0355E9A-9C03-4AB5-8131-F54C85105EC1}
	EndGlobalSection
EndGlobal
